// !$*UTF8*$!
{
	archiveVersion = 1;
	classes = {
	};
	objectVersion = 77;
	objects = {

/* Begin PBXBuildFile section */
		01CE96E0DE66C29B3052E519 /* WindowDetector.swift in Sources */ = {isa = PBXBuildFile; fileRef = BC9B18F41AE082A3C33460E7 /* WindowDetector.swift */; };
		060E31DCFBA392B5F98D1CD0 /* KeyboardShortcuts in Frameworks */ = {isa = PBXBuildFile; productRef = A4AEACB69C61A7CF152DA7A4 /* KeyboardShortcuts */; };
		0770E0E76DFED37AC6E4300F /* DatabaseMigrator.swift in Sources */ = {isa = PBXBuildFile; fileRef = 3563A3B04CF57398C8947678 /* DatabaseMigrator.swift */; };
		096F9095C48C4197D0939212 /* ClipboardPanelController.swift in Sources */ = {isa = PBXBuildFile; fileRef = 5BE6995E72E7883B6897DF75 /* ClipboardPanelController.swift */; };
		0EEA02C9189D3CE8CB80CD2B /* ApplicationPaths.swift in Sources */ = {isa = PBXBuildFile; fileRef = 911C3662B5FD61C088F97860 /* ApplicationPaths.swift */; };
		19D14AD92574FB66BF476AE1 /* CaptureEditorView.swift in Sources */ = {isa = PBXBuildFile; fileRef = FBFE8EFF4F238EE61E2C0658 /* CaptureEditorView.swift */; };
		1AD6BA0F6D82276E785DF2E3 /* ClipboardMonitor.swift in Sources */ = {isa = PBXBuildFile; fileRef = 94A63F3F4F07E9CBBC498A75 /* ClipboardMonitor.swift */; };
		1E701EE77849E496A119CA2F /* AppDelegate.swift in Sources */ = {isa = PBXBuildFile; fileRef = 3B7336251A3C7E88ADABD838 /* AppDelegate.swift */; };
		1FDF6D383497E632E30EAAF4 /* PasteboardPayloadReaderTests.swift in Sources */ = {isa = PBXBuildFile; fileRef = 2CBE26B69201AED696A12CF2 /* PasteboardPayloadReaderTests.swift */; };
		21228C759F40F5937E53012C /* PasteboardSnapshot.swift in Sources */ = {isa = PBXBuildFile; fileRef = 53F5C3E6DF4B6B8D120E048E /* PasteboardSnapshot.swift */; };
		2557B219235FA5ED487DC281 /* PurgeSchedulerTests.swift in Sources */ = {isa = PBXBuildFile; fileRef = F4A08919991A9D66D87A0C62 /* PurgeSchedulerTests.swift */; };
		2A514C029E66161DCDB58C87 /* ClipboardHistoryStoreTests.swift in Sources */ = {isa = PBXBuildFile; fileRef = E6EA152492D73A7BFD33D18D /* ClipboardHistoryStoreTests.swift */; };
		2D41DB755FD82FAD375D62BB /* MenuBarController.swift in Sources */ = {isa = PBXBuildFile; fileRef = 6881754AE0215E463FF6404D /* MenuBarController.swift */; };
		2FA99945C48C35A17E3FCE82 /* AppIntents.framework in Frameworks */ = {isa = PBXBuildFile; fileRef = 04484183628FD4CA411A7D58 /* AppIntents.framework */; };
		3385FF8992824CBAC4D7D023 /* MenuBarIcon.svg in Resources */ = {isa = PBXBuildFile; fileRef = 62725609716912AE3727F6E3 /* MenuBarIcon.svg */; };
		33AB8FCF574DA4A4FAE48548 /* AppIconProvider.swift in Sources */ = {isa = PBXBuildFile; fileRef = 42AE2CF5510C37BD6D9CEBED /* AppIconProvider.swift */; };
		34EFFAB2FA0FCD53527B5AF1 /* ToastView.swift in Sources */ = {isa = PBXBuildFile; fileRef = FD4C66B6792A533796F94B09 /* ToastView.swift */; };
		3554CBFD90BE928D40200EAA /* ClipboardCache.swift in Sources */ = {isa = PBXBuildFile; fileRef = 9338154AC3378E32841D6DC6 /* ClipboardCache.swift */; };
		358768BF4CD6F61522D07A65 /* ClipboardPresentationCoordinator.swift in Sources */ = {isa = PBXBuildFile; fileRef = 5068F889F8748AAC4C0E02EA /* ClipboardPresentationCoordinator.swift */; };
		369FEF383C755FFB21F723DD /* TelemetryCollector.swift in Sources */ = {isa = PBXBuildFile; fileRef = B2C1779E600AB595212A3A76 /* TelemetryCollector.swift */; };
		37AA593BD780E95F1A544898 /* KeyboardEventHandlingView.swift in Sources */ = {isa = PBXBuildFile; fileRef = 7A0D1BEE7F6E9946160C855B /* KeyboardEventHandlingView.swift */; };
		38BC957E13080D3C8FF20471 /* OCRService.swift in Sources */ = {isa = PBXBuildFile; fileRef = B530A9875C255676613212A2 /* OCRService.swift */; };
		390FD948655243704103C41F /* LiquidGlassMaterialTests.swift in Sources */ = {isa = PBXBuildFile; fileRef = 53F3C08B52E0964115FB60F4 /* LiquidGlassMaterialTests.swift */; };
		3A5084DA275DF3E23CDBB7F9 /* TelemetryCollectorTests.swift in Sources */ = {isa = PBXBuildFile; fileRef = ED09E48C31AD7BEC0562A1AB /* TelemetryCollectorTests.swift */; };
		3DA9E15ED84F00D357A73DF1 /* ClipboardHistoryStore.swift in Sources */ = {isa = PBXBuildFile; fileRef = 71908F415267C4B470E57636 /* ClipboardHistoryStore.swift */; };
		3DC624A5B3FF53B02E4C97CD /* MouseTrackingView.swift in Sources */ = {isa = PBXBuildFile; fileRef = FDA6A6106361E5608935EE3A /* MouseTrackingView.swift */; };
		3E236069B984C59CFC2DC556 /* ClipboardPanelControllerTests.swift in Sources */ = {isa = PBXBuildFile; fileRef = 92A6C70CCF1078B06C67524A /* ClipboardPanelControllerTests.swift */; };
		3E5856F471FCEC8ABB4E45BB /* AdaptiveClipboardMonitorTests.swift in Sources */ = {isa = PBXBuildFile; fileRef = EAACD71287B28AF2473A48A6 /* AdaptiveClipboardMonitorTests.swift */; };
		425D5A86D7ED311B9FB75479 /* MockServices.swift in Sources */ = {isa = PBXBuildFile; fileRef = D66D2D70A509FB7257720877 /* MockServices.swift */; };
		4276507FED62F22B82FBBF3C /* SystemAudioRecorder.swift in Sources */ = {isa = PBXBuildFile; fileRef = 047863E7C7FA26F108C61BC0 /* SystemAudioRecorder.swift */; };
		42C71C6E23D1DEFEF255BAAA /* ClipboardItemTests.swift in Sources */ = {isa = PBXBuildFile; fileRef = D13968D48D993DEA0CB6CE09 /* ClipboardItemTests.swift */; };
		431089799F91864E068504E4 /* ClipboardPopupView.swift in Sources */ = {isa = PBXBuildFile; fileRef = 79BDD85383B470C7CAF722B7 /* ClipboardPopupView.swift */; };
		433CFCD80CACD51237EE4AC3 /* AppIntents.framework in Frameworks */ = {isa = PBXBuildFile; fileRef = 04484183628FD4CA411A7D58 /* AppIntents.framework */; };
		45B681660DEA95E46DE19487 /* ClipboardSoundPreference.swift in Sources */ = {isa = PBXBuildFile; fileRef = 61037B23D9DC3AE910DF21C3 /* ClipboardSoundPreference.swift */; };
		4A09165BD4035297F3F2A43C /* AnimationPresets.swift in Sources */ = {isa = PBXBuildFile; fileRef = 7835BC35857816D77321A199 /* AnimationPresets.swift */; };
		4A5AA71D200F126317607A2D /* GlobalHotkeyServiceTests.swift in Sources */ = {isa = PBXBuildFile; fileRef = E2104DB572FD81929CBD319E /* GlobalHotkeyServiceTests.swift */; };
		4BDCD67AB61F90AA7C80FDE4 /* ThumbnailGenerator.swift in Sources */ = {isa = PBXBuildFile; fileRef = 7A076C24A62245441BB1FA58 /* ThumbnailGenerator.swift */; };
		4C14AE5B982EA18E645ABA5E /* OutsideClickMonitor.swift in Sources */ = {isa = PBXBuildFile; fileRef = 33EA7D81EDBF5CB538C25B6D /* OutsideClickMonitor.swift */; };
		4D286D2AB2E5CF29983E0ACD /* CaptureService.swift in Sources */ = {isa = PBXBuildFile; fileRef = FC28A1D1DAC271A7BFA2EA45 /* CaptureService.swift */; };
		4E49A73905CAE0888F4A48C5 /* MenuBarIcon.png in Resources */ = {isa = PBXBuildFile; fileRef = A392504803ABD34C270A3278 /* MenuBarIcon.png */; };
		4E8B0E3117FA2C657379F184 /* MenuBarControllerTests.swift in Sources */ = {isa = PBXBuildFile; fileRef = D55FF82F6A3A91207E630039 /* MenuBarControllerTests.swift */; };
		4F69FBEFE08CAB908969AF95 /* KeyboardNavigationHandler.swift in Sources */ = {isa = PBXBuildFile; fileRef = 9F55AA9ECF1CD24DCDABE168 /* KeyboardNavigationHandler.swift */; };
		5AAB1F362DC80E95BF8219D7 /* ActivityLevelDetectorTests.swift in Sources */ = {isa = PBXBuildFile; fileRef = 6C37F8007FA3BABC3E572FDD /* ActivityLevelDetectorTests.swift */; };
		5F90D32FB11C8CEEDD044621 /* ClipboardPopupViewModelTests.swift in Sources */ = {isa = PBXBuildFile; fileRef = 8D50E359C254DBE8A96A938E /* ClipboardPopupViewModelTests.swift */; };
		626C4E75739D3F56FA13A808 /* FloatingClipboardPanelWindowManager.swift in Sources */ = {isa = PBXBuildFile; fileRef = ECF21E3DE640E6DDB377D995 /* FloatingClipboardPanelWindowManager.swift */; };
		644BCB4C67146C0935CB5AD4 /* ClipboardPopupPresenting.swift in Sources */ = {isa = PBXBuildFile; fileRef = 24BEC8AC76E3B24A9444B1F0 /* ClipboardPopupPresenting.swift */; };
		6803B504B97520D332A656CB /* CaptureRecordingPreviewView.swift in Sources */ = {isa = PBXBuildFile; fileRef = E740555B087E3E7796614FE3 /* CaptureRecordingPreviewView.swift */; };
		6C3D7859E9C675D981172302 /* DesignTokens.swift in Sources */ = {isa = PBXBuildFile; fileRef = A125EA2C07DCBFBD747533F6 /* DesignTokens.swift */; };
		6DA080825D5CB68D91452267 /* LazyImageLoader.swift in Sources */ = {isa = PBXBuildFile; fileRef = 00DAC5E392AB7786D0ACCD5A /* LazyImageLoader.swift */; };
		70213C6CE1E8D411B871CDDD /* LiquidGlassMaterial.swift in Sources */ = {isa = PBXBuildFile; fileRef = 0C57FA87544E30A5DFB75BEB /* LiquidGlassMaterial.swift */; };
		716E26DD09BCA1C980955CAA /* PurgeScheduler.swift in Sources */ = {isa = PBXBuildFile; fileRef = 14E3336559BA7DD82487889F /* PurgeScheduler.swift */; };
		74E4A04706E4FECB3F34469D /* ToastManager.swift in Sources */ = {isa = PBXBuildFile; fileRef = 838A6EC0B26561BEC2E865B1 /* ToastManager.swift */; };
		7BDC2FB242A336B9C4F2F74D /* VisualEffectViewTests.swift in Sources */ = {isa = PBXBuildFile; fileRef = 3676119D31C2D9F4A744754E /* VisualEffectViewTests.swift */; };
		7E9BF84A174D82BC35EFA884 /* ToastManagerTests.swift in Sources */ = {isa = PBXBuildFile; fileRef = 94C547353580627FE9D5BE4C /* ToastManagerTests.swift */; };
		7EBD6967095AEF35C9C0094B /* KeyboardNavigationHandlerTests.swift in Sources */ = {isa = PBXBuildFile; fileRef = 8091FB610F041C5BE55D5D6A /* KeyboardNavigationHandlerTests.swift */; };
		81C7B524DABF89B4F4AEB242 /* ToastMessage.swift in Sources */ = {isa = PBXBuildFile; fileRef = 87677A344D047180CCFB7EAA /* ToastMessage.swift */; };
		82490D463FB6CA3B77EF3D39 /* PasteActionServiceTests.swift in Sources */ = {isa = PBXBuildFile; fileRef = 3ACAD8E4B811392A8F545B64 /* PasteActionServiceTests.swift */; };
		82C88A7E2421BFDE18B292AE /* PasteActionService.swift in Sources */ = {isa = PBXBuildFile; fileRef = 884EBED7A519CC711CD8C049 /* PasteActionService.swift */; };
		82E75365D69739A45ABCEB0A /* ClipboardRowView.swift in Sources */ = {isa = PBXBuildFile; fileRef = AC4AB5C045DED1C0269C50EC /* ClipboardRowView.swift */; };
		83F75A6F70D14A557AD361F7 /* UpdateChecker.swift in Sources */ = {isa = PBXBuildFile; fileRef = C4EC32F48FA4DAA4423E41C7 /* UpdateChecker.swift */; };
		85ED6FEB23717E1DAF9D0A58 /* GlobalHotkeyService.swift in Sources */ = {isa = PBXBuildFile; fileRef = 1F0692DC0D3F332C405FB779 /* GlobalHotkeyService.swift */; };
		8B3D67AB1650F56DC37F36BA /* GIFConverter.swift in Sources */ = {isa = PBXBuildFile; fileRef = 6FBACEEB178B7E827F77D3F6 /* GIFConverter.swift */; };
		948A2209C65F9391E5ABC06D /* GPUAcceleratedGlassView.swift in Sources */ = {isa = PBXBuildFile; fileRef = 0E3598658FB3A568B1C8E42B /* GPUAcceleratedGlassView.swift */; };
		998984B9B4F886960EEC575C /* ThumbnailGeneratorTests.swift in Sources */ = {isa = PBXBuildFile; fileRef = 3888F3039C84DDA4C74B1282 /* ThumbnailGeneratorTests.swift */; };
		9A8FC499D036C1B614F4C451 /* AdaptiveClipboardMonitor.swift in Sources */ = {isa = PBXBuildFile; fileRef = 7BB889EB1AFFBF1E568934F9 /* AdaptiveClipboardMonitor.swift */; };
		9BC9E1475F56DC8D554C7CCA /* BackgroundIOQueue.swift in Sources */ = {isa = PBXBuildFile; fileRef = 23D8740126431D38D15A96E0 /* BackgroundIOQueue.swift */; };
		9E7EAA4E152074470BBEE523 /* NativePopoverBackgroundView.swift in Sources */ = {isa = PBXBuildFile; fileRef = AC8DFB864CED16DD42C811AA /* NativePopoverBackgroundView.swift */; };
		A3FDAAA1174A59B60CA85700 /* ScreenRecorder.swift in Sources */ = {isa = PBXBuildFile; fileRef = BD78960BBDC36E16FBBDA103 /* ScreenRecorder.swift */; };
		AE7A39F36877CC0F943433BB /* ClipoApp.swift in Sources */ = {isa = PBXBuildFile; fileRef = A2114447BE9B1F190A234951 /* ClipoApp.swift */; };
		AF51855558EDC294CDC05DB0 /* ClipboardCacheTests.swift in Sources */ = {isa = PBXBuildFile; fileRef = ADBC043091FD23209179401A /* ClipboardCacheTests.swift */; };
		AFD10E9FAF0350631587ACF8 /* LazyImageLoaderTests.swift in Sources */ = {isa = PBXBuildFile; fileRef = 3C7B12871816C7D9213AB98A /* LazyImageLoaderTests.swift */; };
		B189183484CC2B4212E5B6F0 /* ApplicationTerminator.swift in Sources */ = {isa = PBXBuildFile; fileRef = 7F481BE2F138FB10EE3B9AE0 /* ApplicationTerminator.swift */; };
		B233CD4141DCA75E23927E61 /* GPUAcceleratedGlassViewTests.swift in Sources */ = {isa = PBXBuildFile; fileRef = 8139EFDA91A04A1274ED42A9 /* GPUAcceleratedGlassViewTests.swift */; };
		B2D221459CEA94CA3F2C3676 /* ClipboardPresentationCoordinatorTests.swift in Sources */ = {isa = PBXBuildFile; fileRef = 7AAD3F99F378F0E2D46F0D39 /* ClipboardPresentationCoordinatorTests.swift */; };
		B7F7B26B6114B472E9DBAAEA /* VisualEffectView.swift in Sources */ = {isa = PBXBuildFile; fileRef = 3E866DA29A0E338D167248E6 /* VisualEffectView.swift */; };
		B8BE89B27A2A2D46E910E20E /* ClipboardPanelLayout.swift in Sources */ = {isa = PBXBuildFile; fileRef = 6CBBF0E1C3A8AFCD3969877D /* ClipboardPanelLayout.swift */; };
		B99F9AA36001D4DED4473585 /* ClipboardPopupViewModel.swift in Sources */ = {isa = PBXBuildFile; fileRef = DEE1AFDFDC228C5B600F5572 /* ClipboardPopupViewModel.swift */; };
		BBA5D4BE58629665522E3184 /* VirtualizedListView.swift in Sources */ = {isa = PBXBuildFile; fileRef = 032AE8F37A1FB8DB55DD2ABF /* VirtualizedListView.swift */; };
		BC1647A2A055E18C2DEF99F1 /* ClipboardItem.swift in Sources */ = {isa = PBXBuildFile; fileRef = 961A1896ACAB75BF4B5771D1 /* ClipboardItem.swift */; };
		BF57D984A4A76192D3AABBB6 /* HistoryRetentionPolicy.swift in Sources */ = {isa = PBXBuildFile; fileRef = AB932E253561DE6D484867DF /* HistoryRetentionPolicy.swift */; };
		C1427F238699258A5B12D71B /* FilterChipStrip.swift in Sources */ = {isa = PBXBuildFile; fileRef = C410765A862D1C3EDEF8D70B /* FilterChipStrip.swift */; };
		C397C38FFFC1CE3B28102F6D /* ImageAssetStore.swift in Sources */ = {isa = PBXBuildFile; fileRef = 38A9869EEFDC3F4A11184A41 /* ImageAssetStore.swift */; };
		C7E8DF24E4BF47F8EF0ECE05 /* ClipboardMonitorTests.swift in Sources */ = {isa = PBXBuildFile; fileRef = D51CD2D0384911E635DCB214 /* ClipboardMonitorTests.swift */; };
		C8A5D48C81BFCDFA62597DFC /* SystemClipboardSoundPlayerTests.swift in Sources */ = {isa = PBXBuildFile; fileRef = 60AD52C268370C5B6CB6EE43 /* SystemClipboardSoundPlayerTests.swift */; };
		CB4CB6D56D398CB67209F7EB /* AppDatabase.swift in Sources */ = {isa = PBXBuildFile; fileRef = 3DAF3779E57548DFCC745FEC /* AppDatabase.swift */; };
		CF0F545AC919ECA5BFB2CF08 /* SettingsView.swift in Sources */ = {isa = PBXBuildFile; fileRef = 8A699435875BEE6D51F1F355 /* SettingsView.swift */; };
		CFEBC0FBD024B2DEFB36597E /* EmptyStateView.swift in Sources */ = {isa = PBXBuildFile; fileRef = 68BA3FA4D739719F1714E2D9 /* EmptyStateView.swift */; };
		D1EE220A0398EE2726A8BBFD /* BackupService.swift in Sources */ = {isa = PBXBuildFile; fileRef = 81C9B71823981D7E054381D9 /* BackupService.swift */; };
		D30D5837D90FB3A4C70EE295 /* CaptureOverlayView.swift in Sources */ = {isa = PBXBuildFile; fileRef = C552DF76819C4D2F9339CF06 /* CaptureOverlayView.swift */; };
		D48A3D753A195945F6DF2D76 /* CaptureOverlayWindow.swift in Sources */ = {isa = PBXBuildFile; fileRef = ED584997103E60DF0046E4AB /* CaptureOverlayWindow.swift */; };
		D9785D3CDBFCEDA361FB025A /* AppEnvironment.swift in Sources */ = {isa = PBXBuildFile; fileRef = D49B637D30895F8705550DCF /* AppEnvironment.swift */; };
		DAFFB3A1CAB95EEA629C5A44 /* VirtualizedListViewTests.swift in Sources */ = {isa = PBXBuildFile; fileRef = D4884A4FCA6B9B805A5F214C /* VirtualizedListViewTests.swift */; };
		E006D3A5491D48118912DC2F /* AppIcon.svg in Resources */ = {isa = PBXBuildFile; fileRef = D3FCAA3B2913AE13B4AC0845 /* AppIcon.svg */; };
		E25181223FAF2C883C2D3534 /* PasteboardPayloadReader.swift in Sources */ = {isa = PBXBuildFile; fileRef = 12FB36A09EA8CD28A7794D90 /* PasteboardPayloadReader.swift */; };
		E3CF6B64A23909C06AB61280 /* Assets.xcassets in Resources */ = {isa = PBXBuildFile; fileRef = 8EC88D21543F50E84CBF0027 /* Assets.xcassets */; };
		E715F4871AA196A8A8D979F1 /* CaptureRecordingPreviewWindow.swift in Sources */ = {isa = PBXBuildFile; fileRef = F49E7546DC720C8C5FB91BED /* CaptureRecordingPreviewWindow.swift */; };
		E944381ABEF05B6DBC7D6F31 /* AppIconProviderTests.swift in Sources */ = {isa = PBXBuildFile; fileRef = 6F0BD6BB66BFE3BCD4E9C289 /* AppIconProviderTests.swift */; };
		EAB9DDD02177E4C70B7FD6F6 /* GRDB in Frameworks */ = {isa = PBXBuildFile; productRef = B6AA7A13ECAA09F981CD9525 /* GRDB */; };
		EDE8629653852F322B6F2C4B /* ClipboardItemRecord.swift in Sources */ = {isa = PBXBuildFile; fileRef = 81E7C73A94B3D2B68CEB2AA9 /* ClipboardItemRecord.swift */; };
		EE7086467D1A09CFE7633B1D /* AnimationPresetsTests.swift in Sources */ = {isa = PBXBuildFile; fileRef = C952E964FEA05C7F28F089EE /* AnimationPresetsTests.swift */; };
		EFA5694F2FD85615E2F68390 /* ActivityLevelDetector.swift in Sources */ = {isa = PBXBuildFile; fileRef = FE7B097B6A4042EF9B0BABDE /* ActivityLevelDetector.swift */; };
		EFF451E019ECCD0C90429328 /* HistoryFilter.swift in Sources */ = {isa = PBXBuildFile; fileRef = E707E563164D61B92360F743 /* HistoryFilter.swift */; };
		F826FEB870531010442DC1E8 /* AppIcon.png in Resources */ = {isa = PBXBuildFile; fileRef = AB8BDACF4BE57EC449AE4216 /* AppIcon.png */; };
		F854226BA0E13ED42DFD5728 /* AccessibilityPermissionService.swift in Sources */ = {isa = PBXBuildFile; fileRef = F44DF6CA3749D0C72496AE13 /* AccessibilityPermissionService.swift */; };
		FF78B7F668874FEA31577B76 /* CaptureEditorWindow.swift in Sources */ = {isa = PBXBuildFile; fileRef = F7B795719E0FAF297E8079A2 /* CaptureEditorWindow.swift */; };
		FFB227A8C451ACF8C7A65767 /* AutoLaunchService.swift in Sources */ = {isa = PBXBuildFile; fileRef = F8F505F0A0713C125860A8D9 /* AutoLaunchService.swift */; };
/* End PBXBuildFile section */

/* Begin PBXContainerItemProxy section */
		6C5419C338203081EAD141E4 /* PBXContainerItemProxy */ = {
			isa = PBXContainerItemProxy;
			containerPortal = B562120509370669BFB205A6 /* Project object */;
			proxyType = 1;
			remoteGlobalIDString = A2C3471D27E1665A6B64D056;
			remoteInfo = Clipo;
		};
/* End PBXContainerItemProxy section */

/* Begin PBXFileReference section */
		00DAC5E392AB7786D0ACCD5A /* LazyImageLoader.swift */ = {isa = PBXFileReference; lastKnownFileType = sourcecode.swift; path = LazyImageLoader.swift; sourceTree = "<group>"; };
		032AE8F37A1FB8DB55DD2ABF /* VirtualizedListView.swift */ = {isa = PBXFileReference; lastKnownFileType = sourcecode.swift; path = VirtualizedListView.swift; sourceTree = "<group>"; };
		04484183628FD4CA411A7D58 /* AppIntents.framework */ = {isa = PBXFileReference; lastKnownFileType = wrapper.framework; name = AppIntents.framework; path = System/Library/Frameworks/AppIntents.framework; sourceTree = SDKROOT; };
		047863E7C7FA26F108C61BC0 /* SystemAudioRecorder.swift */ = {isa = PBXFileReference; lastKnownFileType = sourcecode.swift; path = SystemAudioRecorder.swift; sourceTree = "<group>"; };
		0C57FA87544E30A5DFB75BEB /* LiquidGlassMaterial.swift */ = {isa = PBXFileReference; lastKnownFileType = sourcecode.swift; path = LiquidGlassMaterial.swift; sourceTree = "<group>"; };
		0E3598658FB3A568B1C8E42B /* GPUAcceleratedGlassView.swift */ = {isa = PBXFileReference; lastKnownFileType = sourcecode.swift; path = GPUAcceleratedGlassView.swift; sourceTree = "<group>"; };
		12FB36A09EA8CD28A7794D90 /* PasteboardPayloadReader.swift */ = {isa = PBXFileReference; lastKnownFileType = sourcecode.swift; path = PasteboardPayloadReader.swift; sourceTree = "<group>"; };
		14E3336559BA7DD82487889F /* PurgeScheduler.swift */ = {isa = PBXFileReference; lastKnownFileType = sourcecode.swift; path = PurgeScheduler.swift; sourceTree = "<group>"; };
		1F0692DC0D3F332C405FB779 /* GlobalHotkeyService.swift */ = {isa = PBXFileReference; lastKnownFileType = sourcecode.swift; path = GlobalHotkeyService.swift; sourceTree = "<group>"; };
		23D8740126431D38D15A96E0 /* BackgroundIOQueue.swift */ = {isa = PBXFileReference; lastKnownFileType = sourcecode.swift; path = BackgroundIOQueue.swift; sourceTree = "<group>"; };
		24BEC8AC76E3B24A9444B1F0 /* ClipboardPopupPresenting.swift */ = {isa = PBXFileReference; lastKnownFileType = sourcecode.swift; path = ClipboardPopupPresenting.swift; sourceTree = "<group>"; };
		2CBE26B69201AED696A12CF2 /* PasteboardPayloadReaderTests.swift */ = {isa = PBXFileReference; lastKnownFileType = sourcecode.swift; path = PasteboardPayloadReaderTests.swift; sourceTree = "<group>"; };
		33EA7D81EDBF5CB538C25B6D /* OutsideClickMonitor.swift */ = {isa = PBXFileReference; lastKnownFileType = sourcecode.swift; path = OutsideClickMonitor.swift; sourceTree = "<group>"; };
		3563A3B04CF57398C8947678 /* DatabaseMigrator.swift */ = {isa = PBXFileReference; lastKnownFileType = sourcecode.swift; path = DatabaseMigrator.swift; sourceTree = "<group>"; };
		3676119D31C2D9F4A744754E /* VisualEffectViewTests.swift */ = {isa = PBXFileReference; lastKnownFileType = sourcecode.swift; path = VisualEffectViewTests.swift; sourceTree = "<group>"; };
		3888F3039C84DDA4C74B1282 /* ThumbnailGeneratorTests.swift */ = {isa = PBXFileReference; lastKnownFileType = sourcecode.swift; path = ThumbnailGeneratorTests.swift; sourceTree = "<group>"; };
		38A9869EEFDC3F4A11184A41 /* ImageAssetStore.swift */ = {isa = PBXFileReference; lastKnownFileType = sourcecode.swift; path = ImageAssetStore.swift; sourceTree = "<group>"; };
		3ACAD8E4B811392A8F545B64 /* PasteActionServiceTests.swift */ = {isa = PBXFileReference; lastKnownFileType = sourcecode.swift; path = PasteActionServiceTests.swift; sourceTree = "<group>"; };
		3B7336251A3C7E88ADABD838 /* AppDelegate.swift */ = {isa = PBXFileReference; lastKnownFileType = sourcecode.swift; path = AppDelegate.swift; sourceTree = "<group>"; };
		3BF459A0BA88F6D989A0601F /* Info.plist */ = {isa = PBXFileReference; lastKnownFileType = text.plist; path = Info.plist; sourceTree = "<group>"; };
		3C7B12871816C7D9213AB98A /* LazyImageLoaderTests.swift */ = {isa = PBXFileReference; lastKnownFileType = sourcecode.swift; path = LazyImageLoaderTests.swift; sourceTree = "<group>"; };
		3DAF3779E57548DFCC745FEC /* AppDatabase.swift */ = {isa = PBXFileReference; lastKnownFileType = sourcecode.swift; path = AppDatabase.swift; sourceTree = "<group>"; };
		3E866DA29A0E338D167248E6 /* VisualEffectView.swift */ = {isa = PBXFileReference; lastKnownFileType = sourcecode.swift; path = VisualEffectView.swift; sourceTree = "<group>"; };
		42AE2CF5510C37BD6D9CEBED /* AppIconProvider.swift */ = {isa = PBXFileReference; lastKnownFileType = sourcecode.swift; path = AppIconProvider.swift; sourceTree = "<group>"; };
		4EC63AEEA38CD54C455F69E0 /* ClipoTests.xctest */ = {isa = PBXFileReference; explicitFileType = wrapper.cfbundle; includeInIndex = 0; path = ClipoTests.xctest; sourceTree = BUILT_PRODUCTS_DIR; };
		5068F889F8748AAC4C0E02EA /* ClipboardPresentationCoordinator.swift */ = {isa = PBXFileReference; lastKnownFileType = sourcecode.swift; path = ClipboardPresentationCoordinator.swift; sourceTree = "<group>"; };
		53F3C08B52E0964115FB60F4 /* LiquidGlassMaterialTests.swift */ = {isa = PBXFileReference; lastKnownFileType = sourcecode.swift; path = LiquidGlassMaterialTests.swift; sourceTree = "<group>"; };
		53F5C3E6DF4B6B8D120E048E /* PasteboardSnapshot.swift */ = {isa = PBXFileReference; lastKnownFileType = sourcecode.swift; path = PasteboardSnapshot.swift; sourceTree = "<group>"; };
		5BE6995E72E7883B6897DF75 /* ClipboardPanelController.swift */ = {isa = PBXFileReference; lastKnownFileType = sourcecode.swift; path = ClipboardPanelController.swift; sourceTree = "<group>"; };
		60AD52C268370C5B6CB6EE43 /* SystemClipboardSoundPlayerTests.swift */ = {isa = PBXFileReference; lastKnownFileType = sourcecode.swift; path = SystemClipboardSoundPlayerTests.swift; sourceTree = "<group>"; };
		61037B23D9DC3AE910DF21C3 /* ClipboardSoundPreference.swift */ = {isa = PBXFileReference; lastKnownFileType = sourcecode.swift; path = ClipboardSoundPreference.swift; sourceTree = "<group>"; };
		62725609716912AE3727F6E3 /* MenuBarIcon.svg */ = {isa = PBXFileReference; path = MenuBarIcon.svg; sourceTree = "<group>"; };
		6881754AE0215E463FF6404D /* MenuBarController.swift */ = {isa = PBXFileReference; lastKnownFileType = sourcecode.swift; path = MenuBarController.swift; sourceTree = "<group>"; };
		68BA3FA4D739719F1714E2D9 /* EmptyStateView.swift */ = {isa = PBXFileReference; lastKnownFileType = sourcecode.swift; path = EmptyStateView.swift; sourceTree = "<group>"; };
		6C37F8007FA3BABC3E572FDD /* ActivityLevelDetectorTests.swift */ = {isa = PBXFileReference; lastKnownFileType = sourcecode.swift; path = ActivityLevelDetectorTests.swift; sourceTree = "<group>"; };
		6CBBF0E1C3A8AFCD3969877D /* ClipboardPanelLayout.swift */ = {isa = PBXFileReference; lastKnownFileType = sourcecode.swift; path = ClipboardPanelLayout.swift; sourceTree = "<group>"; };
		6F0BD6BB66BFE3BCD4E9C289 /* AppIconProviderTests.swift */ = {isa = PBXFileReference; lastKnownFileType = sourcecode.swift; path = AppIconProviderTests.swift; sourceTree = "<group>"; };
		6FBACEEB178B7E827F77D3F6 /* GIFConverter.swift */ = {isa = PBXFileReference; lastKnownFileType = sourcecode.swift; path = GIFConverter.swift; sourceTree = "<group>"; };
		71908F415267C4B470E57636 /* ClipboardHistoryStore.swift */ = {isa = PBXFileReference; lastKnownFileType = sourcecode.swift; path = ClipboardHistoryStore.swift; sourceTree = "<group>"; };
		7835BC35857816D77321A199 /* AnimationPresets.swift */ = {isa = PBXFileReference; lastKnownFileType = sourcecode.swift; path = AnimationPresets.swift; sourceTree = "<group>"; };
		79BDD85383B470C7CAF722B7 /* ClipboardPopupView.swift */ = {isa = PBXFileReference; lastKnownFileType = sourcecode.swift; path = ClipboardPopupView.swift; sourceTree = "<group>"; };
		7A076C24A62245441BB1FA58 /* ThumbnailGenerator.swift */ = {isa = PBXFileReference; lastKnownFileType = sourcecode.swift; path = ThumbnailGenerator.swift; sourceTree = "<group>"; };
		7A0D1BEE7F6E9946160C855B /* KeyboardEventHandlingView.swift */ = {isa = PBXFileReference; lastKnownFileType = sourcecode.swift; path = KeyboardEventHandlingView.swift; sourceTree = "<group>"; };
		7AAD3F99F378F0E2D46F0D39 /* ClipboardPresentationCoordinatorTests.swift */ = {isa = PBXFileReference; lastKnownFileType = sourcecode.swift; path = ClipboardPresentationCoordinatorTests.swift; sourceTree = "<group>"; };
		7BB889EB1AFFBF1E568934F9 /* AdaptiveClipboardMonitor.swift */ = {isa = PBXFileReference; lastKnownFileType = sourcecode.swift; path = AdaptiveClipboardMonitor.swift; sourceTree = "<group>"; };
		7C4F68A4D551ED076E8B1420 /* Info.plist */ = {isa = PBXFileReference; lastKnownFileType = text.plist; path = Info.plist; sourceTree = "<group>"; };
		7F481BE2F138FB10EE3B9AE0 /* ApplicationTerminator.swift */ = {isa = PBXFileReference; lastKnownFileType = sourcecode.swift; path = ApplicationTerminator.swift; sourceTree = "<group>"; };
		8091FB610F041C5BE55D5D6A /* KeyboardNavigationHandlerTests.swift */ = {isa = PBXFileReference; lastKnownFileType = sourcecode.swift; path = KeyboardNavigationHandlerTests.swift; sourceTree = "<group>"; };
		8139EFDA91A04A1274ED42A9 /* GPUAcceleratedGlassViewTests.swift */ = {isa = PBXFileReference; lastKnownFileType = sourcecode.swift; path = GPUAcceleratedGlassViewTests.swift; sourceTree = "<group>"; };
		81C9B71823981D7E054381D9 /* BackupService.swift */ = {isa = PBXFileReference; lastKnownFileType = sourcecode.swift; path = BackupService.swift; sourceTree = "<group>"; };
		81E7C73A94B3D2B68CEB2AA9 /* ClipboardItemRecord.swift */ = {isa = PBXFileReference; lastKnownFileType = sourcecode.swift; path = ClipboardItemRecord.swift; sourceTree = "<group>"; };
		838A6EC0B26561BEC2E865B1 /* ToastManager.swift */ = {isa = PBXFileReference; lastKnownFileType = sourcecode.swift; path = ToastManager.swift; sourceTree = "<group>"; };
		87677A344D047180CCFB7EAA /* ToastMessage.swift */ = {isa = PBXFileReference; lastKnownFileType = sourcecode.swift; path = ToastMessage.swift; sourceTree = "<group>"; };
		884EBED7A519CC711CD8C049 /* PasteActionService.swift */ = {isa = PBXFileReference; lastKnownFileType = sourcecode.swift; path = PasteActionService.swift; sourceTree = "<group>"; };
		8A699435875BEE6D51F1F355 /* SettingsView.swift */ = {isa = PBXFileReference; lastKnownFileType = sourcecode.swift; path = SettingsView.swift; sourceTree = "<group>"; };
		8D50E359C254DBE8A96A938E /* ClipboardPopupViewModelTests.swift */ = {isa = PBXFileReference; lastKnownFileType = sourcecode.swift; path = ClipboardPopupViewModelTests.swift; sourceTree = "<group>"; };
		8EC88D21543F50E84CBF0027 /* Assets.xcassets */ = {isa = PBXFileReference; lastKnownFileType = folder.assetcatalog; path = Assets.xcassets; sourceTree = "<group>"; };
		911C3662B5FD61C088F97860 /* ApplicationPaths.swift */ = {isa = PBXFileReference; lastKnownFileType = sourcecode.swift; path = ApplicationPaths.swift; sourceTree = "<group>"; };
		92A6C70CCF1078B06C67524A /* ClipboardPanelControllerTests.swift */ = {isa = PBXFileReference; lastKnownFileType = sourcecode.swift; path = ClipboardPanelControllerTests.swift; sourceTree = "<group>"; };
		9338154AC3378E32841D6DC6 /* ClipboardCache.swift */ = {isa = PBXFileReference; lastKnownFileType = sourcecode.swift; path = ClipboardCache.swift; sourceTree = "<group>"; };
		94A63F3F4F07E9CBBC498A75 /* ClipboardMonitor.swift */ = {isa = PBXFileReference; lastKnownFileType = sourcecode.swift; path = ClipboardMonitor.swift; sourceTree = "<group>"; };
		94C547353580627FE9D5BE4C /* ToastManagerTests.swift */ = {isa = PBXFileReference; lastKnownFileType = sourcecode.swift; path = ToastManagerTests.swift; sourceTree = "<group>"; };
		961A1896ACAB75BF4B5771D1 /* ClipboardItem.swift */ = {isa = PBXFileReference; lastKnownFileType = sourcecode.swift; path = ClipboardItem.swift; sourceTree = "<group>"; };
		9F55AA9ECF1CD24DCDABE168 /* KeyboardNavigationHandler.swift */ = {isa = PBXFileReference; lastKnownFileType = sourcecode.swift; path = KeyboardNavigationHandler.swift; sourceTree = "<group>"; };
		A125EA2C07DCBFBD747533F6 /* DesignTokens.swift */ = {isa = PBXFileReference; lastKnownFileType = sourcecode.swift; path = DesignTokens.swift; sourceTree = "<group>"; };
		A2114447BE9B1F190A234951 /* ClipoApp.swift */ = {isa = PBXFileReference; lastKnownFileType = sourcecode.swift; path = ClipoApp.swift; sourceTree = "<group>"; };
		A392504803ABD34C270A3278 /* MenuBarIcon.png */ = {isa = PBXFileReference; lastKnownFileType = image.png; path = MenuBarIcon.png; sourceTree = "<group>"; };
		AB8BDACF4BE57EC449AE4216 /* AppIcon.png */ = {isa = PBXFileReference; lastKnownFileType = image.png; path = AppIcon.png; sourceTree = "<group>"; };
		AB932E253561DE6D484867DF /* HistoryRetentionPolicy.swift */ = {isa = PBXFileReference; lastKnownFileType = sourcecode.swift; path = HistoryRetentionPolicy.swift; sourceTree = "<group>"; };
		AC4AB5C045DED1C0269C50EC /* ClipboardRowView.swift */ = {isa = PBXFileReference; lastKnownFileType = sourcecode.swift; path = ClipboardRowView.swift; sourceTree = "<group>"; };
		AC8DFB864CED16DD42C811AA /* NativePopoverBackgroundView.swift */ = {isa = PBXFileReference; lastKnownFileType = sourcecode.swift; path = NativePopoverBackgroundView.swift; sourceTree = "<group>"; };
		ADBC043091FD23209179401A /* ClipboardCacheTests.swift */ = {isa = PBXFileReference; lastKnownFileType = sourcecode.swift; path = ClipboardCacheTests.swift; sourceTree = "<group>"; };
		B2C1779E600AB595212A3A76 /* TelemetryCollector.swift */ = {isa = PBXFileReference; lastKnownFileType = sourcecode.swift; path = TelemetryCollector.swift; sourceTree = "<group>"; };
		B530A9875C255676613212A2 /* OCRService.swift */ = {isa = PBXFileReference; lastKnownFileType = sourcecode.swift; path = OCRService.swift; sourceTree = "<group>"; };
		BC9B18F41AE082A3C33460E7 /* WindowDetector.swift */ = {isa = PBXFileReference; lastKnownFileType = sourcecode.swift; path = WindowDetector.swift; sourceTree = "<group>"; };
		BD78960BBDC36E16FBBDA103 /* ScreenRecorder.swift */ = {isa = PBXFileReference; lastKnownFileType = sourcecode.swift; path = ScreenRecorder.swift; sourceTree = "<group>"; };
		C410765A862D1C3EDEF8D70B /* FilterChipStrip.swift */ = {isa = PBXFileReference; lastKnownFileType = sourcecode.swift; path = FilterChipStrip.swift; sourceTree = "<group>"; };
		C4EC32F48FA4DAA4423E41C7 /* UpdateChecker.swift */ = {isa = PBXFileReference; lastKnownFileType = sourcecode.swift; path = UpdateChecker.swift; sourceTree = "<group>"; };
		C552DF76819C4D2F9339CF06 /* CaptureOverlayView.swift */ = {isa = PBXFileReference; lastKnownFileType = sourcecode.swift; path = CaptureOverlayView.swift; sourceTree = "<group>"; };
		C6A362156D3985406CAD92DD /* Clipo.app */ = {isa = PBXFileReference; explicitFileType = wrapper.application; includeInIndex = 0; path = Clipo.app; sourceTree = BUILT_PRODUCTS_DIR; };
		C952E964FEA05C7F28F089EE /* AnimationPresetsTests.swift */ = {isa = PBXFileReference; lastKnownFileType = sourcecode.swift; path = AnimationPresetsTests.swift; sourceTree = "<group>"; };
		D13968D48D993DEA0CB6CE09 /* ClipboardItemTests.swift */ = {isa = PBXFileReference; lastKnownFileType = sourcecode.swift; path = ClipboardItemTests.swift; sourceTree = "<group>"; };
		D3FCAA3B2913AE13B4AC0845 /* AppIcon.svg */ = {isa = PBXFileReference; path = AppIcon.svg; sourceTree = "<group>"; };
		D4884A4FCA6B9B805A5F214C /* VirtualizedListViewTests.swift */ = {isa = PBXFileReference; lastKnownFileType = sourcecode.swift; path = VirtualizedListViewTests.swift; sourceTree = "<group>"; };
		D49B637D30895F8705550DCF /* AppEnvironment.swift */ = {isa = PBXFileReference; lastKnownFileType = sourcecode.swift; path = AppEnvironment.swift; sourceTree = "<group>"; };
		D51CD2D0384911E635DCB214 /* ClipboardMonitorTests.swift */ = {isa = PBXFileReference; lastKnownFileType = sourcecode.swift; path = ClipboardMonitorTests.swift; sourceTree = "<group>"; };
		D55FF82F6A3A91207E630039 /* MenuBarControllerTests.swift */ = {isa = PBXFileReference; lastKnownFileType = sourcecode.swift; path = MenuBarControllerTests.swift; sourceTree = "<group>"; };
		D66D2D70A509FB7257720877 /* MockServices.swift */ = {isa = PBXFileReference; lastKnownFileType = sourcecode.swift; path = MockServices.swift; sourceTree = "<group>"; };
		DEE1AFDFDC228C5B600F5572 /* ClipboardPopupViewModel.swift */ = {isa = PBXFileReference; lastKnownFileType = sourcecode.swift; path = ClipboardPopupViewModel.swift; sourceTree = "<group>"; };
		E2104DB572FD81929CBD319E /* GlobalHotkeyServiceTests.swift */ = {isa = PBXFileReference; lastKnownFileType = sourcecode.swift; path = GlobalHotkeyServiceTests.swift; sourceTree = "<group>"; };
		E6EA152492D73A7BFD33D18D /* ClipboardHistoryStoreTests.swift */ = {isa = PBXFileReference; lastKnownFileType = sourcecode.swift; path = ClipboardHistoryStoreTests.swift; sourceTree = "<group>"; };
		E707E563164D61B92360F743 /* HistoryFilter.swift */ = {isa = PBXFileReference; lastKnownFileType = sourcecode.swift; path = HistoryFilter.swift; sourceTree = "<group>"; };
		E740555B087E3E7796614FE3 /* CaptureRecordingPreviewView.swift */ = {isa = PBXFileReference; lastKnownFileType = sourcecode.swift; path = CaptureRecordingPreviewView.swift; sourceTree = "<group>"; };
		EAACD71287B28AF2473A48A6 /* AdaptiveClipboardMonitorTests.swift */ = {isa = PBXFileReference; lastKnownFileType = sourcecode.swift; path = AdaptiveClipboardMonitorTests.swift; sourceTree = "<group>"; };
		ECF21E3DE640E6DDB377D995 /* FloatingClipboardPanelWindowManager.swift */ = {isa = PBXFileReference; lastKnownFileType = sourcecode.swift; path = FloatingClipboardPanelWindowManager.swift; sourceTree = "<group>"; };
		ED09E48C31AD7BEC0562A1AB /* TelemetryCollectorTests.swift */ = {isa = PBXFileReference; lastKnownFileType = sourcecode.swift; path = TelemetryCollectorTests.swift; sourceTree = "<group>"; };
		ED584997103E60DF0046E4AB /* CaptureOverlayWindow.swift */ = {isa = PBXFileReference; lastKnownFileType = sourcecode.swift; path = CaptureOverlayWindow.swift; sourceTree = "<group>"; };
		F44DF6CA3749D0C72496AE13 /* AccessibilityPermissionService.swift */ = {isa = PBXFileReference; lastKnownFileType = sourcecode.swift; path = AccessibilityPermissionService.swift; sourceTree = "<group>"; };
		F49E7546DC720C8C5FB91BED /* CaptureRecordingPreviewWindow.swift */ = {isa = PBXFileReference; lastKnownFileType = sourcecode.swift; path = CaptureRecordingPreviewWindow.swift; sourceTree = "<group>"; };
		F4A08919991A9D66D87A0C62 /* PurgeSchedulerTests.swift */ = {isa = PBXFileReference; lastKnownFileType = sourcecode.swift; path = PurgeSchedulerTests.swift; sourceTree = "<group>"; };
		F7B795719E0FAF297E8079A2 /* CaptureEditorWindow.swift */ = {isa = PBXFileReference; lastKnownFileType = sourcecode.swift; path = CaptureEditorWindow.swift; sourceTree = "<group>"; };
		F8F505F0A0713C125860A8D9 /* AutoLaunchService.swift */ = {isa = PBXFileReference; lastKnownFileType = sourcecode.swift; path = AutoLaunchService.swift; sourceTree = "<group>"; };
		FBFE8EFF4F238EE61E2C0658 /* CaptureEditorView.swift */ = {isa = PBXFileReference; lastKnownFileType = sourcecode.swift; path = CaptureEditorView.swift; sourceTree = "<group>"; };
		FC28A1D1DAC271A7BFA2EA45 /* CaptureService.swift */ = {isa = PBXFileReference; lastKnownFileType = sourcecode.swift; path = CaptureService.swift; sourceTree = "<group>"; };
		FD4C66B6792A533796F94B09 /* ToastView.swift */ = {isa = PBXFileReference; lastKnownFileType = sourcecode.swift; path = ToastView.swift; sourceTree = "<group>"; };
		FDA6A6106361E5608935EE3A /* MouseTrackingView.swift */ = {isa = PBXFileReference; lastKnownFileType = sourcecode.swift; path = MouseTrackingView.swift; sourceTree = "<group>"; };
		FE7B097B6A4042EF9B0BABDE /* ActivityLevelDetector.swift */ = {isa = PBXFileReference; lastKnownFileType = sourcecode.swift; path = ActivityLevelDetector.swift; sourceTree = "<group>"; };
/* End PBXFileReference section */

/* Begin PBXFrameworksBuildPhase section */
		79C6D9666340EF6EF16A8930 /* Frameworks */ = {
			isa = PBXFrameworksBuildPhase;
			buildActionMask = 2147483647;
			files = (
				2FA99945C48C35A17E3FCE82 /* AppIntents.framework in Frameworks */,
			);
			runOnlyForDeploymentPostprocessing = 0;
		};
		82A973D67B630D3AA851B225 /* Frameworks */ = {
			isa = PBXFrameworksBuildPhase;
			buildActionMask = 2147483647;
			files = (
				433CFCD80CACD51237EE4AC3 /* AppIntents.framework in Frameworks */,
				EAB9DDD02177E4C70B7FD6F6 /* GRDB in Frameworks */,
				060E31DCFBA392B5F98D1CD0 /* KeyboardShortcuts in Frameworks */,
			);
			runOnlyForDeploymentPostprocessing = 0;
		};
/* End PBXFrameworksBuildPhase section */

/* Begin PBXGroup section */
		007D9333BBF967692FDBED9C /* App */ = {
			isa = PBXGroup;
			children = (
				3B7336251A3C7E88ADABD838 /* AppDelegate.swift */,
				D49B637D30895F8705550DCF /* AppEnvironment.swift */,
				7F481BE2F138FB10EE3B9AE0 /* ApplicationTerminator.swift */,
				A2114447BE9B1F190A234951 /* ClipoApp.swift */,
			);
			path = App;
			sourceTree = "<group>";
		};
		00B5AFFC87E0A9D34832F946 = {
			isa = PBXGroup;
			children = (
				8238C7C2DD6E42818762817A /* Clipo */,
				016E7BF4E6F45005027EE43A /* ClipoTests */,
				2AFBE16F6F06CF749934AF18 /* Frameworks */,
				0E1DA69DD4ADA53544E8ABD4 /* Products */,
			);
			sourceTree = "<group>";
		};
		00CE38698DBE8EF60E5F8ABF /* Design */ = {
			isa = PBXGroup;
			children = (
				7835BC35857816D77321A199 /* AnimationPresets.swift */,
				A125EA2C07DCBFBD747533F6 /* DesignTokens.swift */,
				0E3598658FB3A568B1C8E42B /* GPUAcceleratedGlassView.swift */,
				0C57FA87544E30A5DFB75BEB /* LiquidGlassMaterial.swift */,
				3E866DA29A0E338D167248E6 /* VisualEffectView.swift */,
			);
			path = Design;
			sourceTree = "<group>";
		};
		016E7BF4E6F45005027EE43A /* ClipoTests */ = {
			isa = PBXGroup;
			children = (
				7C4F68A4D551ED076E8B1420 /* Info.plist */,
				BD1117DA20133D402D6888C5 /* Clipboard */,
				041B9F40820695A8886899E0 /* Features */,
				7400F54F54318E3BFD02C809 /* Feedback */,
				5D7FE2F68337F4BF64A3DD48 /* History */,
				FF01C254DF4ACC8A0CC01CD1 /* Hotkey */,
				33FA21A3A825B37CEC9B3257 /* MenuBar */,
				6E62CFA7D25E9CBC67EDBAB4 /* Models */,
				A1E4A29ADB355FB24D16F30E /* Paste */,
				5155214868FD1674D23E7D6A /* Support */,
				32A6703B2E45FAE253542972 /* TestSupport */,
			);
			path = ClipoTests;
			sourceTree = "<group>";
		};
		041B9F40820695A8886899E0 /* Features */ = {
			isa = PBXGroup;
			children = (
				93C299DA1D38AC99476F5FFD /* Clipboard */,
				AABB9235A862BB35355B389B /* Design */,
				98A1A0691FC33F0F3E835D62 /* History */,
				CF79D485A682EC99B4FDE6D2 /* Popup */,
			);
			path = Features;
			sourceTree = "<group>";
		};
		0E1DA69DD4ADA53544E8ABD4 /* Products */ = {
			isa = PBXGroup;
			children = (
				C6A362156D3985406CAD92DD /* Clipo.app */,
				4EC63AEEA38CD54C455F69E0 /* ClipoTests.xctest */,
			);
			name = Products;
			sourceTree = "<group>";
		};
		19451947D1F19C35EAC13E40 /* Support */ = {
			isa = PBXGroup;
			children = (
				42AE2CF5510C37BD6D9CEBED /* AppIconProvider.swift */,
				911C3662B5FD61C088F97860 /* ApplicationPaths.swift */,
				23D8740126431D38D15A96E0 /* BackgroundIOQueue.swift */,
				81C9B71823981D7E054381D9 /* BackupService.swift */,
				61037B23D9DC3AE910DF21C3 /* ClipboardSoundPreference.swift */,
				AB932E253561DE6D484867DF /* HistoryRetentionPolicy.swift */,
				38A9869EEFDC3F4A11184A41 /* ImageAssetStore.swift */,
				00DAC5E392AB7786D0ACCD5A /* LazyImageLoader.swift */,
				B2C1779E600AB595212A3A76 /* TelemetryCollector.swift */,
				7A076C24A62245441BB1FA58 /* ThumbnailGenerator.swift */,
				C4EC32F48FA4DAA4423E41C7 /* UpdateChecker.swift */,
			);
			path = Support;
			sourceTree = "<group>";
		};
		2AFBE16F6F06CF749934AF18 /* Frameworks */ = {
			isa = PBXGroup;
			children = (
				04484183628FD4CA411A7D58 /* AppIntents.framework */,
			);
			name = Frameworks;
			sourceTree = "<group>";
		};
		32A6703B2E45FAE253542972 /* TestSupport */ = {
			isa = PBXGroup;
			children = (
				D66D2D70A509FB7257720877 /* MockServices.swift */,
			);
			path = TestSupport;
			sourceTree = "<group>";
		};
		33FA21A3A825B37CEC9B3257 /* MenuBar */ = {
			isa = PBXGroup;
			children = (
				92A6C70CCF1078B06C67524A /* ClipboardPanelControllerTests.swift */,
				7AAD3F99F378F0E2D46F0D39 /* ClipboardPresentationCoordinatorTests.swift */,
				D55FF82F6A3A91207E630039 /* MenuBarControllerTests.swift */,
			);
			path = MenuBar;
			sourceTree = "<group>";
		};
		3EC841B2EB4C21AAC819FD3A /* Settings */ = {
			isa = PBXGroup;
			children = (
				F8F505F0A0713C125860A8D9 /* AutoLaunchService.swift */,
				8A699435875BEE6D51F1F355 /* SettingsView.swift */,
			);
			path = Settings;
			sourceTree = "<group>";
		};
		44220E33D6632A2485871511 /* Resources */ = {
			isa = PBXGroup;
			children = (
				AB8BDACF4BE57EC449AE4216 /* AppIcon.png */,
				D3FCAA3B2913AE13B4AC0845 /* AppIcon.svg */,
				8EC88D21543F50E84CBF0027 /* Assets.xcassets */,
				A392504803ABD34C270A3278 /* MenuBarIcon.png */,
				62725609716912AE3727F6E3 /* MenuBarIcon.svg */,
			);
			path = Resources;
			sourceTree = "<group>";
		};
		4683237BC4CE2BC29A84FF6C /* Hotkey */ = {
			isa = PBXGroup;
			children = (
				1F0692DC0D3F332C405FB779 /* GlobalHotkeyService.swift */,
			);
			path = Hotkey;
			sourceTree = "<group>";
		};
		46901FCC605B0D1B82E267AD /* Models */ = {
			isa = PBXGroup;
			children = (
				961A1896ACAB75BF4B5771D1 /* ClipboardItem.swift */,
			);
			path = Models;
			sourceTree = "<group>";
		};
		5155214868FD1674D23E7D6A /* Support */ = {
			isa = PBXGroup;
			children = (
				6F0BD6BB66BFE3BCD4E9C289 /* AppIconProviderTests.swift */,
				3C7B12871816C7D9213AB98A /* LazyImageLoaderTests.swift */,
				ED09E48C31AD7BEC0562A1AB /* TelemetryCollectorTests.swift */,
				3888F3039C84DDA4C74B1282 /* ThumbnailGeneratorTests.swift */,
			);
			path = Support;
			sourceTree = "<group>";
		};
		56476621EBE5CFDF4190B201 /* MenuBar */ = {
			isa = PBXGroup;
			children = (
				5BE6995E72E7883B6897DF75 /* ClipboardPanelController.swift */,
				6CBBF0E1C3A8AFCD3969877D /* ClipboardPanelLayout.swift */,
				24BEC8AC76E3B24A9444B1F0 /* ClipboardPopupPresenting.swift */,
				5068F889F8748AAC4C0E02EA /* ClipboardPresentationCoordinator.swift */,
				ECF21E3DE640E6DDB377D995 /* FloatingClipboardPanelWindowManager.swift */,
				6881754AE0215E463FF6404D /* MenuBarController.swift */,
				33EA7D81EDBF5CB538C25B6D /* OutsideClickMonitor.swift */,
			);
			path = MenuBar;
			sourceTree = "<group>";
		};
		5D7FE2F68337F4BF64A3DD48 /* History */ = {
			isa = PBXGroup;
			children = (
				E6EA152492D73A7BFD33D18D /* ClipboardHistoryStoreTests.swift */,
			);
			path = History;
			sourceTree = "<group>";
		};
		6435B8EDD66B154E91148E10 /* Permissions */ = {
			isa = PBXGroup;
			children = (
				F44DF6CA3749D0C72496AE13 /* AccessibilityPermissionService.swift */,
			);
			path = Permissions;
			sourceTree = "<group>";
		};
		6CAFEF5B00327183CB571DC1 /* Clipboard */ = {
			isa = PBXGroup;
			children = (
				FE7B097B6A4042EF9B0BABDE /* ActivityLevelDetector.swift */,
				7BB889EB1AFFBF1E568934F9 /* AdaptiveClipboardMonitor.swift */,
				94A63F3F4F07E9CBBC498A75 /* ClipboardMonitor.swift */,
				12FB36A09EA8CD28A7794D90 /* PasteboardPayloadReader.swift */,
				53F5C3E6DF4B6B8D120E048E /* PasteboardSnapshot.swift */,
			);
			path = Clipboard;
			sourceTree = "<group>";
		};
		6E62CFA7D25E9CBC67EDBAB4 /* Models */ = {
			isa = PBXGroup;
			children = (
				D13968D48D993DEA0CB6CE09 /* ClipboardItemTests.swift */,
			);
			path = Models;
			sourceTree = "<group>";
		};
		7261F5B9BB284054F7BC6321 /* Feedback */ = {
			isa = PBXGroup;
			children = (
				838A6EC0B26561BEC2E865B1 /* ToastManager.swift */,
				87677A344D047180CCFB7EAA /* ToastMessage.swift */,
				FD4C66B6792A533796F94B09 /* ToastView.swift */,
			);
			path = Feedback;
			sourceTree = "<group>";
		};
		7400F54F54318E3BFD02C809 /* Feedback */ = {
			isa = PBXGroup;
			children = (
				94C547353580627FE9D5BE4C /* ToastManagerTests.swift */,
			);
			path = Feedback;
			sourceTree = "<group>";
		};
		7CC7F932AA44C1D28A883630 /* Capture */ = {
			isa = PBXGroup;
			children = (
				FBFE8EFF4F238EE61E2C0658 /* CaptureEditorView.swift */,
				F7B795719E0FAF297E8079A2 /* CaptureEditorWindow.swift */,
				C552DF76819C4D2F9339CF06 /* CaptureOverlayView.swift */,
				ED584997103E60DF0046E4AB /* CaptureOverlayWindow.swift */,
				E740555B087E3E7796614FE3 /* CaptureRecordingPreviewView.swift */,
				F49E7546DC720C8C5FB91BED /* CaptureRecordingPreviewWindow.swift */,
				FC28A1D1DAC271A7BFA2EA45 /* CaptureService.swift */,
				6FBACEEB178B7E827F77D3F6 /* GIFConverter.swift */,
				FDA6A6106361E5608935EE3A /* MouseTrackingView.swift */,
				B530A9875C255676613212A2 /* OCRService.swift */,
				BD78960BBDC36E16FBBDA103 /* ScreenRecorder.swift */,
				047863E7C7FA26F108C61BC0 /* SystemAudioRecorder.swift */,
				BC9B18F41AE082A3C33460E7 /* WindowDetector.swift */,
			);
			path = Capture;
			sourceTree = "<group>";
		};
		8238C7C2DD6E42818762817A /* Clipo */ = {
			isa = PBXGroup;
			children = (
				3BF459A0BA88F6D989A0601F /* Info.plist */,
				007D9333BBF967692FDBED9C /* App */,
				9A48480EBA85F194233BE486 /* Features */,
				46901FCC605B0D1B82E267AD /* Models */,
				D5FF6B269131040EB6601C5D /* Persistence */,
				44220E33D6632A2485871511 /* Resources */,
				19451947D1F19C35EAC13E40 /* Support */,
			);
			path = Clipo;
			sourceTree = "<group>";
		};
		93C299DA1D38AC99476F5FFD /* Clipboard */ = {
			isa = PBXGroup;
			children = (
				6C37F8007FA3BABC3E572FDD /* ActivityLevelDetectorTests.swift */,
				EAACD71287B28AF2473A48A6 /* AdaptiveClipboardMonitorTests.swift */,
			);
			path = Clipboard;
			sourceTree = "<group>";
		};
		98A1A0691FC33F0F3E835D62 /* History */ = {
			isa = PBXGroup;
			children = (
				ADBC043091FD23209179401A /* ClipboardCacheTests.swift */,
				F4A08919991A9D66D87A0C62 /* PurgeSchedulerTests.swift */,
			);
			path = History;
			sourceTree = "<group>";
		};
		9A48480EBA85F194233BE486 /* Features */ = {
			isa = PBXGroup;
			children = (
				7CC7F932AA44C1D28A883630 /* Capture */,
				6CAFEF5B00327183CB571DC1 /* Clipboard */,
				00CE38698DBE8EF60E5F8ABF /* Design */,
				7261F5B9BB284054F7BC6321 /* Feedback */,
				E4B17270F9251603C198E2E7 /* History */,
				4683237BC4CE2BC29A84FF6C /* Hotkey */,
				56476621EBE5CFDF4190B201 /* MenuBar */,
				A085658CAACC5B9E0B49A2C9 /* Paste */,
				6435B8EDD66B154E91148E10 /* Permissions */,
				D00D5AF5C804ADE66F925363 /* Popup */,
				3EC841B2EB4C21AAC819FD3A /* Settings */,
			);
			path = Features;
			sourceTree = "<group>";
		};
		A085658CAACC5B9E0B49A2C9 /* Paste */ = {
			isa = PBXGroup;
			children = (
				884EBED7A519CC711CD8C049 /* PasteActionService.swift */,
			);
			path = Paste;
			sourceTree = "<group>";
		};
		A1E4A29ADB355FB24D16F30E /* Paste */ = {
			isa = PBXGroup;
			children = (
				3ACAD8E4B811392A8F545B64 /* PasteActionServiceTests.swift */,
			);
			path = Paste;
			sourceTree = "<group>";
		};
		AABB9235A862BB35355B389B /* Design */ = {
			isa = PBXGroup;
			children = (
				C952E964FEA05C7F28F089EE /* AnimationPresetsTests.swift */,
				8139EFDA91A04A1274ED42A9 /* GPUAcceleratedGlassViewTests.swift */,
				53F3C08B52E0964115FB60F4 /* LiquidGlassMaterialTests.swift */,
				3676119D31C2D9F4A744754E /* VisualEffectViewTests.swift */,
			);
			path = Design;
			sourceTree = "<group>";
		};
		BD1117DA20133D402D6888C5 /* Clipboard */ = {
			isa = PBXGroup;
			children = (
				D51CD2D0384911E635DCB214 /* ClipboardMonitorTests.swift */,
				2CBE26B69201AED696A12CF2 /* PasteboardPayloadReaderTests.swift */,
				60AD52C268370C5B6CB6EE43 /* SystemClipboardSoundPlayerTests.swift */,
			);
			path = Clipboard;
			sourceTree = "<group>";
		};
		CF79D485A682EC99B4FDE6D2 /* Popup */ = {
			isa = PBXGroup;
			children = (
				8D50E359C254DBE8A96A938E /* ClipboardPopupViewModelTests.swift */,
				8091FB610F041C5BE55D5D6A /* KeyboardNavigationHandlerTests.swift */,
				D4884A4FCA6B9B805A5F214C /* VirtualizedListViewTests.swift */,
			);
			path = Popup;
			sourceTree = "<group>";
		};
		D00D5AF5C804ADE66F925363 /* Popup */ = {
			isa = PBXGroup;
			children = (
				79BDD85383B470C7CAF722B7 /* ClipboardPopupView.swift */,
				DEE1AFDFDC228C5B600F5572 /* ClipboardPopupViewModel.swift */,
				AC4AB5C045DED1C0269C50EC /* ClipboardRowView.swift */,
				68BA3FA4D739719F1714E2D9 /* EmptyStateView.swift */,
				C410765A862D1C3EDEF8D70B /* FilterChipStrip.swift */,
				7A0D1BEE7F6E9946160C855B /* KeyboardEventHandlingView.swift */,
				9F55AA9ECF1CD24DCDABE168 /* KeyboardNavigationHandler.swift */,
				AC8DFB864CED16DD42C811AA /* NativePopoverBackgroundView.swift */,
				032AE8F37A1FB8DB55DD2ABF /* VirtualizedListView.swift */,
			);
			path = Popup;
			sourceTree = "<group>";
		};
		D5FF6B269131040EB6601C5D /* Persistence */ = {
			isa = PBXGroup;
			children = (
				3DAF3779E57548DFCC745FEC /* AppDatabase.swift */,
				81E7C73A94B3D2B68CEB2AA9 /* ClipboardItemRecord.swift */,
				3563A3B04CF57398C8947678 /* DatabaseMigrator.swift */,
			);
			path = Persistence;
			sourceTree = "<group>";
		};
		E4B17270F9251603C198E2E7 /* History */ = {
			isa = PBXGroup;
			children = (
				9338154AC3378E32841D6DC6 /* ClipboardCache.swift */,
				71908F415267C4B470E57636 /* ClipboardHistoryStore.swift */,
				E707E563164D61B92360F743 /* HistoryFilter.swift */,
				14E3336559BA7DD82487889F /* PurgeScheduler.swift */,
			);
			path = History;
			sourceTree = "<group>";
		};
		FF01C254DF4ACC8A0CC01CD1 /* Hotkey */ = {
			isa = PBXGroup;
			children = (
				E2104DB572FD81929CBD319E /* GlobalHotkeyServiceTests.swift */,
			);
			path = Hotkey;
			sourceTree = "<group>";
		};
/* End PBXGroup section */

/* Begin PBXNativeTarget section */
		A2C3471D27E1665A6B64D056 /* Clipo */ = {
			isa = PBXNativeTarget;
			buildConfigurationList = 0B1DCDC9F132536CC6FFDBBB /* Build configuration list for PBXNativeTarget "Clipo" */;
			buildPhases = (
				54C16940CA1AB0F4587479B7 /* Sources */,
				A1388B1FB88635708D1F2FAC /* Resources */,
				82A973D67B630D3AA851B225 /* Frameworks */,
			);
			buildRules = (
			);
			dependencies = (
			);
			name = Clipo;
			packageProductDependencies = (
				B6AA7A13ECAA09F981CD9525 /* GRDB */,
				A4AEACB69C61A7CF152DA7A4 /* KeyboardShortcuts */,
			);
			productName = Clipo;
			productReference = C6A362156D3985406CAD92DD /* Clipo.app */;
			productType = "com.apple.product-type.application";
		};
		D92D82D659B7C84DBB1BBE94 /* ClipoTests */ = {
			isa = PBXNativeTarget;
			buildConfigurationList = 070F90D8418AF4C00118B7FC /* Build configuration list for PBXNativeTarget "ClipoTests" */;
			buildPhases = (
				1138E13C46F934E0FD8E493A /* Sources */,
				79C6D9666340EF6EF16A8930 /* Frameworks */,
			);
			buildRules = (
			);
			dependencies = (
				AD3D32EC863F4739FCBB9F8D /* PBXTargetDependency */,
			);
			name = ClipoTests;
			packageProductDependencies = (
			);
			productName = ClipoTests;
			productReference = 4EC63AEEA38CD54C455F69E0 /* ClipoTests.xctest */;
			productType = "com.apple.product-type.bundle.unit-test";
		};
/* End PBXNativeTarget section */

/* Begin PBXProject section */
		B562120509370669BFB205A6 /* Project object */ = {
			isa = PBXProject;
			attributes = {
				BuildIndependentTargetsInParallel = YES;
				LastUpgradeCheck = 1430;
				TargetAttributes = {
					A2C3471D27E1665A6B64D056 = {
						ProvisioningStyle = Manual;
					};
				};
			};
			buildConfigurationList = 691F86DBF518DBF2FE24E194 /* Build configuration list for PBXProject "Clipo" */;
			developmentRegion = en;
			hasScannedForEncodings = 0;
			knownRegions = (
				Base,
				en,
			);
			mainGroup = 00B5AFFC87E0A9D34832F946;
			minimizedProjectReferenceProxies = 1;
			packageReferences = (
				3DCD4E66204160DF30A359AF /* XCRemoteSwiftPackageReference "GRDB.swift" */,
				B354BEB42B2488D7EFD6F7A9 /* XCRemoteSwiftPackageReference "KeyboardShortcuts" */,
			);
			preferredProjectObjectVersion = 77;
			productRefGroup = 0E1DA69DD4ADA53544E8ABD4 /* Products */;
			projectDirPath = "";
			projectRoot = "";
			targets = (
				A2C3471D27E1665A6B64D056 /* Clipo */,
				D92D82D659B7C84DBB1BBE94 /* ClipoTests */,
			);
		};
/* End PBXProject section */

/* Begin PBXResourcesBuildPhase section */
		A1388B1FB88635708D1F2FAC /* Resources */ = {
			isa = PBXResourcesBuildPhase;
			buildActionMask = 2147483647;
			files = (
				F826FEB870531010442DC1E8 /* AppIcon.png in Resources */,
				E006D3A5491D48118912DC2F /* AppIcon.svg in Resources */,
				E3CF6B64A23909C06AB61280 /* Assets.xcassets in Resources */,
				4E49A73905CAE0888F4A48C5 /* MenuBarIcon.png in Resources */,
				3385FF8992824CBAC4D7D023 /* MenuBarIcon.svg in Resources */,
			);
			runOnlyForDeploymentPostprocessing = 0;
		};
/* End PBXResourcesBuildPhase section */

/* Begin PBXSourcesBuildPhase section */
		1138E13C46F934E0FD8E493A /* Sources */ = {
			isa = PBXSourcesBuildPhase;
			buildActionMask = 2147483647;
			files = (
				5AAB1F362DC80E95BF8219D7 /* ActivityLevelDetectorTests.swift in Sources */,
				3E5856F471FCEC8ABB4E45BB /* AdaptiveClipboardMonitorTests.swift in Sources */,
				EE7086467D1A09CFE7633B1D /* AnimationPresetsTests.swift in Sources */,
				E944381ABEF05B6DBC7D6F31 /* AppIconProviderTests.swift in Sources */,
				AF51855558EDC294CDC05DB0 /* ClipboardCacheTests.swift in Sources */,
				2A514C029E66161DCDB58C87 /* ClipboardHistoryStoreTests.swift in Sources */,
				42C71C6E23D1DEFEF255BAAA /* ClipboardItemTests.swift in Sources */,
				C7E8DF24E4BF47F8EF0ECE05 /* ClipboardMonitorTests.swift in Sources */,
				3E236069B984C59CFC2DC556 /* ClipboardPanelControllerTests.swift in Sources */,
				5F90D32FB11C8CEEDD044621 /* ClipboardPopupViewModelTests.swift in Sources */,
				B2D221459CEA94CA3F2C3676 /* ClipboardPresentationCoordinatorTests.swift in Sources */,
				B233CD4141DCA75E23927E61 /* GPUAcceleratedGlassViewTests.swift in Sources */,
				4A5AA71D200F126317607A2D /* GlobalHotkeyServiceTests.swift in Sources */,
				7EBD6967095AEF35C9C0094B /* KeyboardNavigationHandlerTests.swift in Sources */,
				AFD10E9FAF0350631587ACF8 /* LazyImageLoaderTests.swift in Sources */,
				390FD948655243704103C41F /* LiquidGlassMaterialTests.swift in Sources */,
				4E8B0E3117FA2C657379F184 /* MenuBarControllerTests.swift in Sources */,
				425D5A86D7ED311B9FB75479 /* MockServices.swift in Sources */,
				82490D463FB6CA3B77EF3D39 /* PasteActionServiceTests.swift in Sources */,
				1FDF6D383497E632E30EAAF4 /* PasteboardPayloadReaderTests.swift in Sources */,
				2557B219235FA5ED487DC281 /* PurgeSchedulerTests.swift in Sources */,
				C8A5D48C81BFCDFA62597DFC /* SystemClipboardSoundPlayerTests.swift in Sources */,
				3A5084DA275DF3E23CDBB7F9 /* TelemetryCollectorTests.swift in Sources */,
				998984B9B4F886960EEC575C /* ThumbnailGeneratorTests.swift in Sources */,
				7E9BF84A174D82BC35EFA884 /* ToastManagerTests.swift in Sources */,
				DAFFB3A1CAB95EEA629C5A44 /* VirtualizedListViewTests.swift in Sources */,
				7BDC2FB242A336B9C4F2F74D /* VisualEffectViewTests.swift in Sources */,
			);
			runOnlyForDeploymentPostprocessing = 0;
		};
		54C16940CA1AB0F4587479B7 /* Sources */ = {
			isa = PBXSourcesBuildPhase;
			buildActionMask = 2147483647;
			files = (
				F854226BA0E13ED42DFD5728 /* AccessibilityPermissionService.swift in Sources */,
				EFA5694F2FD85615E2F68390 /* ActivityLevelDetector.swift in Sources */,
				9A8FC499D036C1B614F4C451 /* AdaptiveClipboardMonitor.swift in Sources */,
				4A09165BD4035297F3F2A43C /* AnimationPresets.swift in Sources */,
				CB4CB6D56D398CB67209F7EB /* AppDatabase.swift in Sources */,
				1E701EE77849E496A119CA2F /* AppDelegate.swift in Sources */,
				D9785D3CDBFCEDA361FB025A /* AppEnvironment.swift in Sources */,
				33AB8FCF574DA4A4FAE48548 /* AppIconProvider.swift in Sources */,
				0EEA02C9189D3CE8CB80CD2B /* ApplicationPaths.swift in Sources */,
				B189183484CC2B4212E5B6F0 /* ApplicationTerminator.swift in Sources */,
				FFB227A8C451ACF8C7A65767 /* AutoLaunchService.swift in Sources */,
				9BC9E1475F56DC8D554C7CCA /* BackgroundIOQueue.swift in Sources */,
				D1EE220A0398EE2726A8BBFD /* BackupService.swift in Sources */,
				19D14AD92574FB66BF476AE1 /* CaptureEditorView.swift in Sources */,
				FF78B7F668874FEA31577B76 /* CaptureEditorWindow.swift in Sources */,
				D30D5837D90FB3A4C70EE295 /* CaptureOverlayView.swift in Sources */,
				D48A3D753A195945F6DF2D76 /* CaptureOverlayWindow.swift in Sources */,
				6803B504B97520D332A656CB /* CaptureRecordingPreviewView.swift in Sources */,
				E715F4871AA196A8A8D979F1 /* CaptureRecordingPreviewWindow.swift in Sources */,
				4D286D2AB2E5CF29983E0ACD /* CaptureService.swift in Sources */,
				3554CBFD90BE928D40200EAA /* ClipboardCache.swift in Sources */,
				3DA9E15ED84F00D357A73DF1 /* ClipboardHistoryStore.swift in Sources */,
				BC1647A2A055E18C2DEF99F1 /* ClipboardItem.swift in Sources */,
				EDE8629653852F322B6F2C4B /* ClipboardItemRecord.swift in Sources */,
				1AD6BA0F6D82276E785DF2E3 /* ClipboardMonitor.swift in Sources */,
				096F9095C48C4197D0939212 /* ClipboardPanelController.swift in Sources */,
				B8BE89B27A2A2D46E910E20E /* ClipboardPanelLayout.swift in Sources */,
				644BCB4C67146C0935CB5AD4 /* ClipboardPopupPresenting.swift in Sources */,
				431089799F91864E068504E4 /* ClipboardPopupView.swift in Sources */,
				B99F9AA36001D4DED4473585 /* ClipboardPopupViewModel.swift in Sources */,
				358768BF4CD6F61522D07A65 /* ClipboardPresentationCoordinator.swift in Sources */,
				82E75365D69739A45ABCEB0A /* ClipboardRowView.swift in Sources */,
				45B681660DEA95E46DE19487 /* ClipboardSoundPreference.swift in Sources */,
				AE7A39F36877CC0F943433BB /* ClipoApp.swift in Sources */,
				0770E0E76DFED37AC6E4300F /* DatabaseMigrator.swift in Sources */,
				6C3D7859E9C675D981172302 /* DesignTokens.swift in Sources */,
				CFEBC0FBD024B2DEFB36597E /* EmptyStateView.swift in Sources */,
				C1427F238699258A5B12D71B /* FilterChipStrip.swift in Sources */,
				626C4E75739D3F56FA13A808 /* FloatingClipboardPanelWindowManager.swift in Sources */,
				8B3D67AB1650F56DC37F36BA /* GIFConverter.swift in Sources */,
				948A2209C65F9391E5ABC06D /* GPUAcceleratedGlassView.swift in Sources */,
				85ED6FEB23717E1DAF9D0A58 /* GlobalHotkeyService.swift in Sources */,
				EFF451E019ECCD0C90429328 /* HistoryFilter.swift in Sources */,
				BF57D984A4A76192D3AABBB6 /* HistoryRetentionPolicy.swift in Sources */,
				C397C38FFFC1CE3B28102F6D /* ImageAssetStore.swift in Sources */,
				37AA593BD780E95F1A544898 /* KeyboardEventHandlingView.swift in Sources */,
				4F69FBEFE08CAB908969AF95 /* KeyboardNavigationHandler.swift in Sources */,
				6DA080825D5CB68D91452267 /* LazyImageLoader.swift in Sources */,
				70213C6CE1E8D411B871CDDD /* LiquidGlassMaterial.swift in Sources */,
				2D41DB755FD82FAD375D62BB /* MenuBarController.swift in Sources */,
				3DC624A5B3FF53B02E4C97CD /* MouseTrackingView.swift in Sources */,
				9E7EAA4E152074470BBEE523 /* NativePopoverBackgroundView.swift in Sources */,
				38BC957E13080D3C8FF20471 /* OCRService.swift in Sources */,
				4C14AE5B982EA18E645ABA5E /* OutsideClickMonitor.swift in Sources */,
				82C88A7E2421BFDE18B292AE /* PasteActionService.swift in Sources */,
				E25181223FAF2C883C2D3534 /* PasteboardPayloadReader.swift in Sources */,
				21228C759F40F5937E53012C /* PasteboardSnapshot.swift in Sources */,
				716E26DD09BCA1C980955CAA /* PurgeScheduler.swift in Sources */,
				A3FDAAA1174A59B60CA85700 /* ScreenRecorder.swift in Sources */,
				CF0F545AC919ECA5BFB2CF08 /* SettingsView.swift in Sources */,
				4276507FED62F22B82FBBF3C /* SystemAudioRecorder.swift in Sources */,
				369FEF383C755FFB21F723DD /* TelemetryCollector.swift in Sources */,
				4BDCD67AB61F90AA7C80FDE4 /* ThumbnailGenerator.swift in Sources */,
				74E4A04706E4FECB3F34469D /* ToastManager.swift in Sources */,
				81C7B524DABF89B4F4AEB242 /* ToastMessage.swift in Sources */,
				34EFFAB2FA0FCD53527B5AF1 /* ToastView.swift in Sources */,
				83F75A6F70D14A557AD361F7 /* UpdateChecker.swift in Sources */,
				BBA5D4BE58629665522E3184 /* VirtualizedListView.swift in Sources */,
				B7F7B26B6114B472E9DBAAEA /* VisualEffectView.swift in Sources */,
				01CE96E0DE66C29B3052E519 /* WindowDetector.swift in Sources */,
			);
			runOnlyForDeploymentPostprocessing = 0;
		};
/* End PBXSourcesBuildPhase section */

/* Begin PBXTargetDependency section */
		AD3D32EC863F4739FCBB9F8D /* PBXTargetDependency */ = {
			isa = PBXTargetDependency;
			target = A2C3471D27E1665A6B64D056 /* Clipo */;
			targetProxy = 6C5419C338203081EAD141E4 /* PBXContainerItemProxy */;
		};
/* End PBXTargetDependency section */

/* Begin XCBuildConfiguration section */
		468F2C309028798335DFA9FE /* Release */ = {
			isa = XCBuildConfiguration;
			buildSettings = {
				ALWAYS_SEARCH_USER_PATHS = NO;
				CLANG_ANALYZER_NONNULL = YES;
				CLANG_ANALYZER_NUMBER_OBJECT_CONVERSION = YES_AGGRESSIVE;
				CLANG_CXX_LANGUAGE_STANDARD = "gnu++14";
				CLANG_CXX_LIBRARY = "libc++";
				CLANG_ENABLE_MODULES = YES;
				CLANG_ENABLE_OBJC_ARC = YES;
				CLANG_ENABLE_OBJC_WEAK = YES;
				CLANG_WARN_BLOCK_CAPTURE_AUTORELEASING = YES;
				CLANG_WARN_BOOL_CONVERSION = YES;
				CLANG_WARN_COMMA = YES;
				CLANG_WARN_CONSTANT_CONVERSION = YES;
				CLANG_WARN_DEPRECATED_OBJC_IMPLEMENTATIONS = YES;
				CLANG_WARN_DIRECT_OBJC_ISA_USAGE = YES_ERROR;
				CLANG_WARN_DOCUMENTATION_COMMENTS = YES;
				CLANG_WARN_EMPTY_BODY = YES;
				CLANG_WARN_ENUM_CONVERSION = YES;
				CLANG_WARN_INFINITE_RECURSION = YES;
				CLANG_WARN_INT_CONVERSION = YES;
				CLANG_WARN_NON_LITERAL_NULL_CONVERSION = YES;
				CLANG_WARN_OBJC_IMPLICIT_RETAIN_SELF = YES;
				CLANG_WARN_OBJC_LITERAL_CONVERSION = YES;
				CLANG_WARN_OBJC_ROOT_CLASS = YES_ERROR;
				CLANG_WARN_QUOTED_INCLUDE_IN_FRAMEWORK_HEADER = YES;
				CLANG_WARN_RANGE_LOOP_ANALYSIS = YES;
				CLANG_WARN_STRICT_PROTOTYPES = YES;
				CLANG_WARN_SUSPICIOUS_MOVE = YES;
				CLANG_WARN_UNGUARDED_AVAILABILITY = YES_AGGRESSIVE;
				CLANG_WARN_UNREACHABLE_CODE = YES;
				CLANG_WARN__DUPLICATE_METHOD_MATCH = YES;
				COPY_PHASE_STRIP = NO;
				CURRENT_PROJECT_VERSION = 4;
				DEBUG_INFORMATION_FORMAT = "dwarf-with-dsym";
				ENABLE_NS_ASSERTIONS = NO;
				ENABLE_STRICT_OBJC_MSGSEND = YES;
				GCC_C_LANGUAGE_STANDARD = gnu11;
				GCC_NO_COMMON_BLOCKS = YES;
				GCC_WARN_64_TO_32_BIT_CONVERSION = YES;
				GCC_WARN_ABOUT_RETURN_TYPE = YES_ERROR;
				GCC_WARN_UNDECLARED_SELECTOR = YES;
				GCC_WARN_UNINITIALIZED_AUTOS = YES_AGGRESSIVE;
				GCC_WARN_UNUSED_FUNCTION = YES;
				GCC_WARN_UNUSED_VARIABLE = YES;
				MACOSX_DEPLOYMENT_TARGET = 13.0;
				MARKETING_VERSION = 3.0.0;
				MTL_ENABLE_DEBUG_INFO = NO;
				MTL_FAST_MATH = YES;
				PRODUCT_NAME = "$(TARGET_NAME)";
				SDKROOT = macosx;
				SWIFT_COMPILATION_MODE = wholemodule;
				SWIFT_OPTIMIZATION_LEVEL = "-O";
				SWIFT_VERSION = 6.0;
			};
			name = Release;
		};
		70CBAB24FF1A28AFF18E44DD /* Debug */ = {
			isa = XCBuildConfiguration;
			buildSettings = {
				ALWAYS_SEARCH_USER_PATHS = NO;
				CLANG_ANALYZER_NONNULL = YES;
				CLANG_ANALYZER_NUMBER_OBJECT_CONVERSION = YES_AGGRESSIVE;
				CLANG_CXX_LANGUAGE_STANDARD = "gnu++14";
				CLANG_CXX_LIBRARY = "libc++";
				CLANG_ENABLE_MODULES = YES;
				CLANG_ENABLE_OBJC_ARC = YES;
				CLANG_ENABLE_OBJC_WEAK = YES;
				CLANG_WARN_BLOCK_CAPTURE_AUTORELEASING = YES;
				CLANG_WARN_BOOL_CONVERSION = YES;
				CLANG_WARN_COMMA = YES;
				CLANG_WARN_CONSTANT_CONVERSION = YES;
				CLANG_WARN_DEPRECATED_OBJC_IMPLEMENTATIONS = YES;
				CLANG_WARN_DIRECT_OBJC_ISA_USAGE = YES_ERROR;
				CLANG_WARN_DOCUMENTATION_COMMENTS = YES;
				CLANG_WARN_EMPTY_BODY = YES;
				CLANG_WARN_ENUM_CONVERSION = YES;
				CLANG_WARN_INFINITE_RECURSION = YES;
				CLANG_WARN_INT_CONVERSION = YES;
				CLANG_WARN_NON_LITERAL_NULL_CONVERSION = YES;
				CLANG_WARN_OBJC_IMPLICIT_RETAIN_SELF = YES;
				CLANG_WARN_OBJC_LITERAL_CONVERSION = YES;
				CLANG_WARN_OBJC_ROOT_CLASS = YES_ERROR;
				CLANG_WARN_QUOTED_INCLUDE_IN_FRAMEWORK_HEADER = YES;
				CLANG_WARN_RANGE_LOOP_ANALYSIS = YES;
				CLANG_WARN_STRICT_PROTOTYPES = YES;
				CLANG_WARN_SUSPICIOUS_MOVE = YES;
				CLANG_WARN_UNGUARDED_AVAILABILITY = YES_AGGRESSIVE;
				CLANG_WARN_UNREACHABLE_CODE = YES;
				CLANG_WARN__DUPLICATE_METHOD_MATCH = YES;
				COPY_PHASE_STRIP = NO;
				CURRENT_PROJECT_VERSION = 4;
				DEBUG_INFORMATION_FORMAT = dwarf;
				ENABLE_STRICT_OBJC_MSGSEND = YES;
				ENABLE_TESTABILITY = YES;
				GCC_C_LANGUAGE_STANDARD = gnu11;
				GCC_DYNAMIC_NO_PIC = NO;
				GCC_NO_COMMON_BLOCKS = YES;
				GCC_OPTIMIZATION_LEVEL = 0;
				GCC_PREPROCESSOR_DEFINITIONS = (
					"$(inherited)",
					"DEBUG=1",
				);
				GCC_WARN_64_TO_32_BIT_CONVERSION = YES;
				GCC_WARN_ABOUT_RETURN_TYPE = YES_ERROR;
				GCC_WARN_UNDECLARED_SELECTOR = YES;
				GCC_WARN_UNINITIALIZED_AUTOS = YES_AGGRESSIVE;
				GCC_WARN_UNUSED_FUNCTION = YES;
				GCC_WARN_UNUSED_VARIABLE = YES;
				MACOSX_DEPLOYMENT_TARGET = 13.0;
				MARKETING_VERSION = 3.0.0;
				MTL_ENABLE_DEBUG_INFO = INCLUDE_SOURCE;
				MTL_FAST_MATH = YES;
				ONLY_ACTIVE_ARCH = YES;
				PRODUCT_NAME = "$(TARGET_NAME)";
				SDKROOT = macosx;
				SWIFT_ACTIVE_COMPILATION_CONDITIONS = DEBUG;
				SWIFT_OPTIMIZATION_LEVEL = "-Onone";
				SWIFT_VERSION = 6.0;
			};
			name = Debug;
		};
		88EA151EC84FD61BAA9D27CD /* Debug */ = {
			isa = XCBuildConfiguration;
			buildSettings = {
				ASSETCATALOG_COMPILER_APPICON_NAME = AppIcon;
				CODE_SIGN_IDENTITY = "-";
				CODE_SIGN_STYLE = Manual;
				COMBINE_HIDPI_IMAGES = YES;
				ENABLE_HARDENED_RUNTIME = YES;
				INFOPLIST_FILE = Clipo/Info.plist;
				LD_RUNPATH_SEARCH_PATHS = (
					"$(inherited)",
					"@executable_path/../Frameworks",
				);
				PRODUCT_BUNDLE_IDENTIFIER = com.bat.clipo;
				SDKROOT = macosx;
			};
			name = Debug;
		};
		A53F4DBA18E295BD24510576 /* Release */ = {
			isa = XCBuildConfiguration;
			buildSettings = {
				ASSETCATALOG_COMPILER_APPICON_NAME = AppIcon;
				CODE_SIGN_IDENTITY = "-";
				CODE_SIGN_STYLE = Manual;
				COMBINE_HIDPI_IMAGES = YES;
				ENABLE_HARDENED_RUNTIME = YES;
				INFOPLIST_FILE = Clipo/Info.plist;
				LD_RUNPATH_SEARCH_PATHS = (
					"$(inherited)",
					"@executable_path/../Frameworks",
				);
				PRODUCT_BUNDLE_IDENTIFIER = com.bat.clipo;
				SDKROOT = macosx;
			};
			name = Release;
		};
		DD80EB281BF3DBB0546FA8B0 /* Debug */ = {
			isa = XCBuildConfiguration;
			buildSettings = {
				BUNDLE_LOADER = "$(TEST_HOST)";
				COMBINE_HIDPI_IMAGES = YES;
				INFOPLIST_FILE = ClipoTests/Info.plist;
				LD_RUNPATH_SEARCH_PATHS = (
					"$(inherited)",
					"@executable_path/../Frameworks",
					"@loader_path/../Frameworks",
				);
				SDKROOT = macosx;
				TEST_HOST = "$(BUILT_PRODUCTS_DIR)/Clipo.app/Contents/MacOS/Clipo";
			};
			name = Debug;
		};
		FDAB7A7A7C360B502CFB71F3 /* Release */ = {
			isa = XCBuildConfiguration;
			buildSettings = {
				BUNDLE_LOADER = "$(TEST_HOST)";
				COMBINE_HIDPI_IMAGES = YES;
				INFOPLIST_FILE = ClipoTests/Info.plist;
				LD_RUNPATH_SEARCH_PATHS = (
					"$(inherited)",
					"@executable_path/../Frameworks",
					"@loader_path/../Frameworks",
				);
				SDKROOT = macosx;
				TEST_HOST = "$(BUILT_PRODUCTS_DIR)/Clipo.app/Contents/MacOS/Clipo";
			};
			name = Release;
		};
/* End XCBuildConfiguration section */

/* Begin XCConfigurationList section */
		070F90D8418AF4C00118B7FC /* Build configuration list for PBXNativeTarget "ClipoTests" */ = {
			isa = XCConfigurationList;
			buildConfigurations = (
				DD80EB281BF3DBB0546FA8B0 /* Debug */,
				FDAB7A7A7C360B502CFB71F3 /* Release */,
			);
			defaultConfigurationIsVisible = 0;
			defaultConfigurationName = Debug;
		};
		0B1DCDC9F132536CC6FFDBBB /* Build configuration list for PBXNativeTarget "Clipo" */ = {
			isa = XCConfigurationList;
			buildConfigurations = (
				88EA151EC84FD61BAA9D27CD /* Debug */,
				A53F4DBA18E295BD24510576 /* Release */,
			);
			defaultConfigurationIsVisible = 0;
			defaultConfigurationName = Debug;
		};
		691F86DBF518DBF2FE24E194 /* Build configuration list for PBXProject "Clipo" */ = {
			isa = XCConfigurationList;
			buildConfigurations = (
				70CBAB24FF1A28AFF18E44DD /* Debug */,
				468F2C309028798335DFA9FE /* Release */,
			);
			defaultConfigurationIsVisible = 0;
			defaultConfigurationName = Debug;
		};
/* End XCConfigurationList section */

/* Begin XCRemoteSwiftPackageReference section */
		3DCD4E66204160DF30A359AF /* XCRemoteSwiftPackageReference "GRDB.swift" */ = {
			isa = XCRemoteSwiftPackageReference;
			repositoryURL = "https://github.com/groue/GRDB.swift";
			requirement = {
				kind = upToNextMajorVersion;
				minimumVersion = 7.0.0;
			};
		};
		B354BEB42B2488D7EFD6F7A9 /* XCRemoteSwiftPackageReference "KeyboardShortcuts" */ = {
			isa = XCRemoteSwiftPackageReference;
			repositoryURL = "https://github.com/sindresorhus/KeyboardShortcuts";
			requirement = {
				kind = upToNextMajorVersion;
				minimumVersion = 1.9.4;
			};
		};
/* End XCRemoteSwiftPackageReference section */

/* Begin XCSwiftPackageProductDependency section */
		A4AEACB69C61A7CF152DA7A4 /* KeyboardShortcuts */ = {
			isa = XCSwiftPackageProductDependency;
			package = B354BEB42B2488D7EFD6F7A9 /* XCRemoteSwiftPackageReference "KeyboardShortcuts" */;
			productName = KeyboardShortcuts;
		};
		B6AA7A13ECAA09F981CD9525 /* GRDB */ = {
			isa = XCSwiftPackageProductDependency;
			package = 3DCD4E66204160DF30A359AF /* XCRemoteSwiftPackageReference "GRDB.swift" */;
			productName = GRDB;
		};
/* End XCSwiftPackageProductDependency section */
	};
	rootObject = B562120509370669BFB205A6 /* Project object */;
}
